
Microsoft Visual Studio Solution File, Format Version 12.00
# Visual Studio Version 17
VisualStudioVersion = 17.2.32505.173
MinimumVisualStudioVersion = 10.0.40219.1
Project("{FAE04EC0-301F-11D3-BF4B-00C04F79EFBC}") = "UszoEb", "UszoEb\UszoEb.csproj", "{6C214BCE-8BBA-4E18-9AFF-BB1D946CEED9}"
EndProject
Global
	GlobalSection(SolutionConfigurationPlatforms) = preSolution
		Debug|Any CPU = Debug|Any CPU
		Release|Any CPU = Release|Any CPU
	EndGlobalSection
	GlobalSection(ProjectConfigurationPlatforms) = postSolution
		{6C214BCE-8BBA-4E18-9AFF-BB1D946CEED9}.Debug|Any CPU.ActiveCfg = Debug|Any CPU
		{6C214BCE-8BBA-4E18-9AFF-BB1D946CEED9}.Debug|Any CPU.Build.0 = Debug|Any CPU
		{6C214BCE-8BBA-4E18-9AFF-BB1D946CEED9}.Release|Any CPU.ActiveCfg = Release|Any CPU
		{6C214BCE-8BBA-4E18-9AFF-BB1D946CEED9}.Release|Any CPU.Build.0 = Release|Any CPU
	EndGlobalSection
	GlobalSection(SolutionProperties) = preSolution
		HideSolutionNode = FALSE
	EndGlobalSection
	GlobalSection(ExtensibilityGlobals) = postSolution
		SolutionGuid = {3F56E3AF-8ACD-4AF3-A6DC-3DC2A9021B4B}
	EndGlobalSection
EndGlobal
